
Microsoft Visual Studio Solution File, Format Version 12.00
# Visual Studio 14
VisualStudioVersion = 14.0.25420.1
MinimumVisualStudioVersion = 10.0.40219.1
Project("{2150E333-8FDC-42A3-9474-1A3956D46DE8}") = "Engine", "Engine", "{A11EB6AE-BF92-4359-9FBB-16CF131C0B5B}"
EndProject
Project("{2150E333-8FDC-42A3-9474-1A3956D46DE8}") = "Games", "Games", "{AF7117E2-F141-4F82-B6CB-60679587A2F2}"
EndProject
Project("{8BC9CEB8-8B4A-11D0-8D11-00A0C91BC942}") = "UE4", "Intermediate\ProjectFiles\UE4.vcxproj", "{21F067EB-724A-4303-BC5F-4A8ED1625AF9}"
EndProject
Project("{8BC9CEB8-8B4A-11D0-8D11-00A0C91BC942}") = "BuildingEscape", "Intermediate\ProjectFiles\BuildingEscape.vcxproj", "{546FF68C-2721-44BA-84EF-EA2C701060D3}"
EndProject
Global
	GlobalSection(SolutionConfigurationPlatforms) = preSolution
		DebugGame Editor|HTML5 = DebugGame Editor|HTML5
		DebugGame Editor|Win32 = DebugGame Editor|Win32
		DebugGame Editor|Win64 = DebugGame Editor|Win64
		DebugGame|HTML5 = DebugGame|HTML5
		DebugGame|Win32 = DebugGame|Win32
		DebugGame|Win64 = DebugGame|Win64
		Development Editor|HTML5 = Development Editor|HTML5
		Development Editor|Win32 = Development Editor|Win32
		Development Editor|Win64 = Development Editor|Win64
		Development|HTML5 = Development|HTML5
		Development|Win32 = Development|Win32
		Development|Win64 = Development|Win64
		Shipping|HTML5 = Shipping|HTML5
		Shipping|Win32 = Shipping|Win32
		Shipping|Win64 = Shipping|Win64
	EndGlobalSection
	GlobalSection(ProjectConfigurationPlatforms) = postSolution
		{21F067EB-724A-4303-BC5F-4A8ED1625AF9}.DebugGame Editor|HTML5.ActiveCfg = BuiltWithUnrealBuildTool|Win32
		{21F067EB-724A-4303-BC5F-4A8ED1625AF9}.DebugGame Editor|HTML5.Build.0 = BuiltWithUnrealBuildTool|Win32
		{21F067EB-724A-4303-BC5F-4A8ED1625AF9}.DebugGame Editor|Win32.ActiveCfg = BuiltWithUnrealBuildTool|Win32
		{21F067EB-724A-4303-BC5F-4A8ED1625AF9}.DebugGame Editor|Win32.Build.0 = BuiltWithUnrealBuildTool|Win32
		{21F067EB-724A-4303-BC5F-4A8ED1625AF9}.DebugGame Editor|Win64.ActiveCfg = BuiltWithUnrealBuildTool|Win32
		{21F067EB-724A-4303-BC5F-4A8ED1625AF9}.DebugGame Editor|Win64.Build.0 = BuiltWithUnrealBuildTool|Win32
		{21F067EB-724A-4303-BC5F-4A8ED1625AF9}.DebugGame|HTML5.ActiveCfg = BuiltWithUnrealBuildTool|Win32
		{21F067EB-724A-4303-BC5F-4A8ED1625AF9}.DebugGame|HTML5.Build.0 = BuiltWithUnrealBuildTool|Win32
		{21F067EB-724A-4303-BC5F-4A8ED1625AF9}.DebugGame|Win32.ActiveCfg = BuiltWithUnrealBuildTool|Win32
		{21F067EB-724A-4303-BC5F-4A8ED1625AF9}.DebugGame|Win32.Build.0 = BuiltWithUnrealBuildTool|Win32
		{21F067EB-724A-4303-BC5F-4A8ED1625AF9}.DebugGame|Win64.ActiveCfg = BuiltWithUnrealBuildTool|Win32
		{21F067EB-724A-4303-BC5F-4A8ED1625AF9}.DebugGame|Win64.Build.0 = BuiltWithUnrealBuildTool|Win32
		{21F067EB-724A-4303-BC5F-4A8ED1625AF9}.Development Editor|HTML5.ActiveCfg = BuiltWithUnrealBuildTool|Win32
		{21F067EB-724A-4303-BC5F-4A8ED1625AF9}.Development Editor|HTML5.Build.0 = BuiltWithUnrealBuildTool|Win32
		{21F067EB-724A-4303-BC5F-4A8ED1625AF9}.Development Editor|Win32.ActiveCfg = BuiltWithUnrealBuildTool|Win32
		{21F067EB-724A-4303-BC5F-4A8ED1625AF9}.Development Editor|Win32.Build.0 = BuiltWithUnrealBuildTool|Win32
		{21F067EB-724A-4303-BC5F-4A8ED1625AF9}.Development Editor|Win64.ActiveCfg = BuiltWithUnrealBuildTool|Win32
		{21F067EB-724A-4303-BC5F-4A8ED1625AF9}.Development Editor|Win64.Build.0 = BuiltWithUnrealBuildTool|Win32
		{21F067EB-724A-4303-BC5F-4A8ED1625AF9}.Development|HTML5.ActiveCfg = BuiltWithUnrealBuildTool|Win32
		{21F067EB-724A-4303-BC5F-4A8ED1625AF9}.Development|HTML5.Build.0 = BuiltWithUnrealBuildTool|Win32
		{21F067EB-724A-4303-BC5F-4A8ED1625AF9}.Development|Win32.ActiveCfg = BuiltWithUnrealBuildTool|Win32
		{21F067EB-724A-4303-BC5F-4A8ED1625AF9}.Development|Win32.Build.0 = BuiltWithUnrealBuildTool|Win32
		{21F067EB-724A-4303-BC5F-4A8ED1625AF9}.Development|Win64.ActiveCfg = BuiltWithUnrealBuildTool|Win32
		{21F067EB-724A-4303-BC5F-4A8ED1625AF9}.Development|Win64.Build.0 = BuiltWithUnrealBuildTool|Win32
		{21F067EB-724A-4303-BC5F-4A8ED1625AF9}.Shipping|HTML5.ActiveCfg = BuiltWithUnrealBuildTool|Win32
		{21F067EB-724A-4303-BC5F-4A8ED1625AF9}.Shipping|HTML5.Build.0 = BuiltWithUnrealBuildTool|Win32
		{21F067EB-724A-4303-BC5F-4A8ED1625AF9}.Shipping|Win32.ActiveCfg = BuiltWithUnrealBuildTool|Win32
		{21F067EB-724A-4303-BC5F-4A8ED1625AF9}.Shipping|Win32.Build.0 = BuiltWithUnrealBuildTool|Win32
		{21F067EB-724A-4303-BC5F-4A8ED1625AF9}.Shipping|Win64.ActiveCfg = BuiltWithUnrealBuildTool|Win32
		{21F067EB-724A-4303-BC5F-4A8ED1625AF9}.Shipping|Win64.Build.0 = BuiltWithUnrealBuildTool|Win32
		{546FF68C-2721-44BA-84EF-EA2C701060D3}.DebugGame Editor|HTML5.ActiveCfg = HTML5_DebugGame_Editor|Win32
		{546FF68C-2721-44BA-84EF-EA2C701060D3}.DebugGame Editor|Win32.ActiveCfg = DebugGame_Editor|Win32
		{546FF68C-2721-44BA-84EF-EA2C701060D3}.DebugGame Editor|Win64.ActiveCfg = DebugGame_Editor|x64
		{546FF68C-2721-44BA-84EF-EA2C701060D3}.DebugGame Editor|Win64.Build.0 = DebugGame_Editor|x64
		{546FF68C-2721-44BA-84EF-EA2C701060D3}.DebugGame|HTML5.ActiveCfg = HTML5_DebugGame_Game|Win32
		{546FF68C-2721-44BA-84EF-EA2C701060D3}.DebugGame|HTML5.Build.0 = HTML5_DebugGame_Game|Win32
		{546FF68C-2721-44BA-84EF-EA2C701060D3}.DebugGame|Win32.ActiveCfg = DebugGame_Game|Win32
		{546FF68C-2721-44BA-84EF-EA2C701060D3}.DebugGame|Win32.Build.0 = DebugGame_Game|Win32
		{546FF68C-2721-44BA-84EF-EA2C701060D3}.DebugGame|Win64.ActiveCfg = DebugGame_Game|x64
		{546FF68C-2721-44BA-84EF-EA2C701060D3}.DebugGame|Win64.Build.0 = DebugGame_Game|x64
		{546FF68C-2721-44BA-84EF-EA2C701060D3}.Development Editor|HTML5.ActiveCfg = HTML5_Development_Editor|Win32
		{546FF68C-2721-44BA-84EF-EA2C701060D3}.Development Editor|Win32.ActiveCfg = Development_Editor|Win32
		{546FF68C-2721-44BA-84EF-EA2C701060D3}.Development Editor|Win64.ActiveCfg = Development_Editor|x64
		{546FF68C-2721-44BA-84EF-EA2C701060D3}.Development Editor|Win64.Build.0 = Development_Editor|x64
		{546FF68C-2721-44BA-84EF-EA2C701060D3}.Development|HTML5.ActiveCfg = HTML5_Development_Game|Win32
		{546FF68C-2721-44BA-84EF-EA2C701060D3}.Development|HTML5.Build.0 = HTML5_Development_Game|Win32
		{546FF68C-2721-44BA-84EF-EA2C701060D3}.Development|Win32.ActiveCfg = Development_Game|Win32
		{546FF68C-2721-44BA-84EF-EA2C701060D3}.Development|Win32.Build.0 = Development_Game|Win32
		{546FF68C-2721-44BA-84EF-EA2C701060D3}.Development|Win64.ActiveCfg = Development_Game|x64
		{546FF68C-2721-44BA-84EF-EA2C701060D3}.Development|Win64.Build.0 = Development_Game|x64
		{546FF68C-2721-44BA-84EF-EA2C701060D3}.Shipping|HTML5.ActiveCfg = HTML5_Shipping_Game|Win32
		{546FF68C-2721-44BA-84EF-EA2C701060D3}.Shipping|HTML5.Build.0 = HTML5_Shipping_Game|Win32
		{546FF68C-2721-44BA-84EF-EA2C701060D3}.Shipping|Win32.ActiveCfg = Shipping_Game|Win32
		{546FF68C-2721-44BA-84EF-EA2C701060D3}.Shipping|Win32.Build.0 = Shipping_Game|Win32
		{546FF68C-2721-44BA-84EF-EA2C701060D3}.Shipping|Win64.ActiveCfg = Shipping_Game|x64
		{546FF68C-2721-44BA-84EF-EA2C701060D3}.Shipping|Win64.Build.0 = Shipping_Game|x64
	EndGlobalSection
	GlobalSection(SolutionProperties) = preSolution
		HideSolutionNode = FALSE
	EndGlobalSection
	GlobalSection(NestedProjects) = preSolution
		{21F067EB-724A-4303-BC5F-4A8ED1625AF9} = {A11EB6AE-BF92-4359-9FBB-16CF131C0B5B}
		{546FF68C-2721-44BA-84EF-EA2C701060D3} = {AF7117E2-F141-4F82-B6CB-60679587A2F2}
	EndGlobalSection
EndGlobal
