
Microsoft Visual Studio Solution File, Format Version 12.00
# Visual Studio 14
VisualStudioVersion = 14.0.25420.1
MinimumVisualStudioVersion = 10.0.40219.1
Project("{2150E333-8FDC-42A3-9474-1A3956D46DE8}") = "Engine", "Engine", "{8035BB0A-373D-48E5-A11E-04C544A9E96A}"
EndProject
Project("{2150E333-8FDC-42A3-9474-1A3956D46DE8}") = "Games", "Games", "{DAD19B50-5796-452F-BFA8-0E0F132BF433}"
EndProject
Project("{8BC9CEB8-8B4A-11D0-8D11-00A0C91BC942}") = "UE4", "Intermediate\ProjectFiles\UE4.vcxproj", "{3FD50BFB-143E-4D8E-9540-90D39941923A}"
EndProject
Project("{8BC9CEB8-8B4A-11D0-8D11-00A0C91BC942}") = "BuildingEscape", "Intermediate\ProjectFiles\BuildingEscape.vcxproj", "{132A0756-C403-4F81-B3FC-DA8EF96758D9}"
EndProject
Global
	GlobalSection(SolutionConfigurationPlatforms) = preSolution
		DebugGame Editor|HTML5 = DebugGame Editor|HTML5
		DebugGame Editor|Win32 = DebugGame Editor|Win32
		DebugGame Editor|Win64 = DebugGame Editor|Win64
		DebugGame|HTML5 = DebugGame|HTML5
		DebugGame|Win32 = DebugGame|Win32
		DebugGame|Win64 = DebugGame|Win64
		Development Editor|HTML5 = Development Editor|HTML5
		Development Editor|Win32 = Development Editor|Win32
		Development Editor|Win64 = Development Editor|Win64
		Development|HTML5 = Development|HTML5
		Development|Win32 = Development|Win32
		Development|Win64 = Development|Win64
		Shipping|HTML5 = Shipping|HTML5
		Shipping|Win32 = Shipping|Win32
		Shipping|Win64 = Shipping|Win64
	EndGlobalSection
	GlobalSection(ProjectConfigurationPlatforms) = postSolution
		{3FD50BFB-143E-4D8E-9540-90D39941923A}.DebugGame Editor|HTML5.ActiveCfg = BuiltWithUnrealBuildTool|Win32
		{3FD50BFB-143E-4D8E-9540-90D39941923A}.DebugGame Editor|HTML5.Build.0 = BuiltWithUnrealBuildTool|Win32
		{3FD50BFB-143E-4D8E-9540-90D39941923A}.DebugGame Editor|Win32.ActiveCfg = BuiltWithUnrealBuildTool|Win32
		{3FD50BFB-143E-4D8E-9540-90D39941923A}.DebugGame Editor|Win32.Build.0 = BuiltWithUnrealBuildTool|Win32
		{3FD50BFB-143E-4D8E-9540-90D39941923A}.DebugGame Editor|Win64.ActiveCfg = BuiltWithUnrealBuildTool|Win32
		{3FD50BFB-143E-4D8E-9540-90D39941923A}.DebugGame Editor|Win64.Build.0 = BuiltWithUnrealBuildTool|Win32
		{3FD50BFB-143E-4D8E-9540-90D39941923A}.DebugGame|HTML5.ActiveCfg = BuiltWithUnrealBuildTool|Win32
		{3FD50BFB-143E-4D8E-9540-90D39941923A}.DebugGame|HTML5.Build.0 = BuiltWithUnrealBuildTool|Win32
		{3FD50BFB-143E-4D8E-9540-90D39941923A}.DebugGame|Win32.ActiveCfg = BuiltWithUnrealBuildTool|Win32
		{3FD50BFB-143E-4D8E-9540-90D39941923A}.DebugGame|Win32.Build.0 = BuiltWithUnrealBuildTool|Win32
		{3FD50BFB-143E-4D8E-9540-90D39941923A}.DebugGame|Win64.ActiveCfg = BuiltWithUnrealBuildTool|Win32
		{3FD50BFB-143E-4D8E-9540-90D39941923A}.DebugGame|Win64.Build.0 = BuiltWithUnrealBuildTool|Win32
		{3FD50BFB-143E-4D8E-9540-90D39941923A}.Development Editor|HTML5.ActiveCfg = BuiltWithUnrealBuildTool|Win32
		{3FD50BFB-143E-4D8E-9540-90D39941923A}.Development Editor|HTML5.Build.0 = BuiltWithUnrealBuildTool|Win32
		{3FD50BFB-143E-4D8E-9540-90D39941923A}.Development Editor|Win32.ActiveCfg = BuiltWithUnrealBuildTool|Win32
		{3FD50BFB-143E-4D8E-9540-90D39941923A}.Development Editor|Win32.Build.0 = BuiltWithUnrealBuildTool|Win32
		{3FD50BFB-143E-4D8E-9540-90D39941923A}.Development Editor|Win64.ActiveCfg = BuiltWithUnrealBuildTool|Win32
		{3FD50BFB-143E-4D8E-9540-90D39941923A}.Development Editor|Win64.Build.0 = BuiltWithUnrealBuildTool|Win32
		{3FD50BFB-143E-4D8E-9540-90D39941923A}.Development|HTML5.ActiveCfg = BuiltWithUnrealBuildTool|Win32
		{3FD50BFB-143E-4D8E-9540-90D39941923A}.Development|HTML5.Build.0 = BuiltWithUnrealBuildTool|Win32
		{3FD50BFB-143E-4D8E-9540-90D39941923A}.Development|Win32.ActiveCfg = BuiltWithUnrealBuildTool|Win32
		{3FD50BFB-143E-4D8E-9540-90D39941923A}.Development|Win32.Build.0 = BuiltWithUnrealBuildTool|Win32
		{3FD50BFB-143E-4D8E-9540-90D39941923A}.Development|Win64.ActiveCfg = BuiltWithUnrealBuildTool|Win32
		{3FD50BFB-143E-4D8E-9540-90D39941923A}.Development|Win64.Build.0 = BuiltWithUnrealBuildTool|Win32
		{3FD50BFB-143E-4D8E-9540-90D39941923A}.Shipping|HTML5.ActiveCfg = BuiltWithUnrealBuildTool|Win32
		{3FD50BFB-143E-4D8E-9540-90D39941923A}.Shipping|HTML5.Build.0 = BuiltWithUnrealBuildTool|Win32
		{3FD50BFB-143E-4D8E-9540-90D39941923A}.Shipping|Win32.ActiveCfg = BuiltWithUnrealBuildTool|Win32
		{3FD50BFB-143E-4D8E-9540-90D39941923A}.Shipping|Win32.Build.0 = BuiltWithUnrealBuildTool|Win32
		{3FD50BFB-143E-4D8E-9540-90D39941923A}.Shipping|Win64.ActiveCfg = BuiltWithUnrealBuildTool|Win32
		{3FD50BFB-143E-4D8E-9540-90D39941923A}.Shipping|Win64.Build.0 = BuiltWithUnrealBuildTool|Win32
		{132A0756-C403-4F81-B3FC-DA8EF96758D9}.DebugGame Editor|HTML5.ActiveCfg = HTML5_DebugGame_Editor|Win32
		{132A0756-C403-4F81-B3FC-DA8EF96758D9}.DebugGame Editor|Win32.ActiveCfg = DebugGame_Editor|Win32
		{132A0756-C403-4F81-B3FC-DA8EF96758D9}.DebugGame Editor|Win64.ActiveCfg = DebugGame_Editor|x64
		{132A0756-C403-4F81-B3FC-DA8EF96758D9}.DebugGame Editor|Win64.Build.0 = DebugGame_Editor|x64
		{132A0756-C403-4F81-B3FC-DA8EF96758D9}.DebugGame|HTML5.ActiveCfg = HTML5_DebugGame_Game|Win32
		{132A0756-C403-4F81-B3FC-DA8EF96758D9}.DebugGame|HTML5.Build.0 = HTML5_DebugGame_Game|Win32
		{132A0756-C403-4F81-B3FC-DA8EF96758D9}.DebugGame|Win32.ActiveCfg = DebugGame_Game|Win32
		{132A0756-C403-4F81-B3FC-DA8EF96758D9}.DebugGame|Win32.Build.0 = DebugGame_Game|Win32
		{132A0756-C403-4F81-B3FC-DA8EF96758D9}.DebugGame|Win64.ActiveCfg = DebugGame_Game|x64
		{132A0756-C403-4F81-B3FC-DA8EF96758D9}.DebugGame|Win64.Build.0 = DebugGame_Game|x64
		{132A0756-C403-4F81-B3FC-DA8EF96758D9}.Development Editor|HTML5.ActiveCfg = HTML5_Development_Editor|Win32
		{132A0756-C403-4F81-B3FC-DA8EF96758D9}.Development Editor|Win32.ActiveCfg = Development_Editor|Win32
		{132A0756-C403-4F81-B3FC-DA8EF96758D9}.Development Editor|Win64.ActiveCfg = Development_Editor|x64
		{132A0756-C403-4F81-B3FC-DA8EF96758D9}.Development Editor|Win64.Build.0 = Development_Editor|x64
		{132A0756-C403-4F81-B3FC-DA8EF96758D9}.Development|HTML5.ActiveCfg = HTML5_Development_Game|Win32
		{132A0756-C403-4F81-B3FC-DA8EF96758D9}.Development|HTML5.Build.0 = HTML5_Development_Game|Win32
		{132A0756-C403-4F81-B3FC-DA8EF96758D9}.Development|Win32.ActiveCfg = Development_Game|Win32
		{132A0756-C403-4F81-B3FC-DA8EF96758D9}.Development|Win32.Build.0 = Development_Game|Win32
		{132A0756-C403-4F81-B3FC-DA8EF96758D9}.Development|Win64.ActiveCfg = Development_Game|x64
		{132A0756-C403-4F81-B3FC-DA8EF96758D9}.Development|Win64.Build.0 = Development_Game|x64
		{132A0756-C403-4F81-B3FC-DA8EF96758D9}.Shipping|HTML5.ActiveCfg = HTML5_Shipping_Game|Win32
		{132A0756-C403-4F81-B3FC-DA8EF96758D9}.Shipping|HTML5.Build.0 = HTML5_Shipping_Game|Win32
		{132A0756-C403-4F81-B3FC-DA8EF96758D9}.Shipping|Win32.ActiveCfg = Shipping_Game|Win32
		{132A0756-C403-4F81-B3FC-DA8EF96758D9}.Shipping|Win32.Build.0 = Shipping_Game|Win32
		{132A0756-C403-4F81-B3FC-DA8EF96758D9}.Shipping|Win64.ActiveCfg = Shipping_Game|x64
		{132A0756-C403-4F81-B3FC-DA8EF96758D9}.Shipping|Win64.Build.0 = Shipping_Game|x64
	EndGlobalSection
	GlobalSection(SolutionProperties) = preSolution
		HideSolutionNode = FALSE
	EndGlobalSection
	GlobalSection(NestedProjects) = preSolution
		{3FD50BFB-143E-4D8E-9540-90D39941923A} = {8035BB0A-373D-48E5-A11E-04C544A9E96A}
		{132A0756-C403-4F81-B3FC-DA8EF96758D9} = {DAD19B50-5796-452F-BFA8-0E0F132BF433}
	EndGlobalSection
EndGlobal
